<?xml version="1.0" encoding="utf-8"?>
<Project ToolsVersion="4.0" xmlns="http://schemas.microsoft.com/developer/msbuild/2003">
  <ItemGroup>
    <Filter Include="Source Files">
      <UniqueIdentifier>{dfc3f35e-73eb-4384-b274-2ed2dd847d85}</UniqueIdentifier>
      <Extensions>cpp;c;cxx;def;odl;idl;hpj;bat;asm</Extensions>
    </Filter>
    <Filter Include="Header Files">
      <UniqueIdentifier>{20ea8aa5-b5a0-4fb4-a6c4-d5b3a1299ee5}</UniqueIdentifier>
      <Extensions>h;hpp;hxx;hm;inl;inc</Extensions>
    </Filter>
    <Filter Include="Resource Files">
      <UniqueIdentifier>{a9ef80e3-8a0c-421d-a91f-ad031fa6999a}</UniqueIdentifier>
      <Extensions>rc;ico;cur;bmp;dlg;rc2;rct;bin;rgs;jpg;jpeg;jpe;manifest</Extensions>
    </Filter>
    <Filter Include="SoUI Resouece">
      <UniqueIdentifier>{36cac5c1-c8f6-4113-9ed2-f4708ee1b94f}</UniqueIdentifier>
      <Extensions>idx;xml;png;gif;jpg;ico;lua;bmp</Extensions>
    </Filter>
    <Filter Include="Header Files\utility">
      <UniqueIdentifier>{98c8eae0-1aac-467e-be1a-460cb58a1979}</UniqueIdentifier>
    </Filter>
    <Filter Include="Source Files\utility">
      <UniqueIdentifier>{c8f942c9-0e98-46f2-8b14-4ba62089cbfa}</UniqueIdentifier>
    </Filter>
    <Filter Include="Source Files\entity">
      <UniqueIdentifier>{890961d6-f8d3-48ff-8dfc-86c288e640ff}</UniqueIdentifier>
    </Filter>
    <Filter Include="Header Files\lib">
      <UniqueIdentifier>{afa30dd5-3772-40a7-9c2e-5e8a9f68416f}</UniqueIdentifier>
    </Filter>
    <Filter Include="Header Files\entity">
      <UniqueIdentifier>{5345c7b8-25c5-4189-ae9a-3fd69e8f909d}</UniqueIdentifier>
    </Filter>
  </ItemGroup>
  <ItemGroup>
    <None Include="res\soui_res.rc2">
      <Filter>Resource Files</Filter>
    </None>
    <None Include="uires\uidef\init.xml">
      <Filter>SoUI Resouece</Filter>
    </None>
    <None Include="uires\values\color.xml">
      <Filter>SoUI Resouece</Filter>
    </None>
    <None Include="uires\values\skin.xml">
      <Filter>SoUI Resouece</Filter>
    </None>
    <None Include="uires\values\string.xml">
      <Filter>SoUI Resouece</Filter>
    </None>
    <None Include="uires\xml\dlg_main.xml">
      <Filter>SoUI Resouece</Filter>
    </None>
    <None Include="uires\image\soui.ico">
      <Filter>SoUI Resouece</Filter>
    </None>
    <None Include="uires\xml\messagebox.xml">
      <Filter>SoUI Resouece</Filter>
    </None>
    <None Include="LICENSE.txt" />
  </ItemGroup>
  <ItemGroup>
    <ClCompile Include="BesLyric.cpp">
      <Filter>Source Files</Filter>
    </ClCompile>
    <ClCompile Include="MainDlg.cpp">
      <Filter>Source Files</Filter>
    </ClCompile>
    <ClCompile Include="stdafx.cpp">
      <Filter>Source Files</Filter>
    </ClCompile>
    <ClCompile Include="PageSetting.cpp">
      <Filter>Source Files</Filter>
    </ClCompile>
    <ClCompile Include="BSMessageBox.cpp">
      <Filter>Source Files</Filter>
    </ClCompile>
    <ClCompile Include="lib\tinyxml2.cpp">
      <Filter>Header Files\lib</Filter>
    </ClCompile>
    <ClCompile Include="entity\LyricMaker.cpp">
      <Filter>Source Files\entity</Filter>
    </ClCompile>
    <ClCompile Include="entity\LyricPlayer.cpp">
      <Filter>Source Files\entity</Filter>
    </ClCompile>
    <ClCompile Include="entity\MusicPlayer.cpp">
      <Filter>Source Files\entity</Filter>
    </ClCompile>
    <ClCompile Include="utility\FileHelper.cpp">
      <Filter>Source Files\utility</Filter>
    </ClCompile>
    <ClCompile Include="utility\WinFile.cpp">
      <Filter>Source Files\utility</Filter>
    </ClCompile>
    <ClCompile Include="entity\AutoUpdateThread.cpp">
      <Filter>Source Files\entity</Filter>
    </ClCompile>
    <ClCompile Include="PageMaking.cpp">
      <Filter>Source Files</Filter>
    </ClCompile>
    <ClCompile Include="PageResult.cpp">
      <Filter>Source Files</Filter>
    </ClCompile>
    <ClCompile Include="utility\SplitFile.cpp">
      <Filter>Source Files\utility</Filter>
    </ClCompile>
    <ClCompile Include="entity\CheckIntegrityThread.cpp">
      <Filter>Source Files\entity</Filter>
    </ClCompile>
    <ClCompile Include="DlgCheckIntegrity.cpp">
      <Filter>Source Files</Filter>
    </ClCompile>
  </ItemGroup>
  <ItemGroup>
    <ResourceCompile Include="BesLyric.rc">
      <Filter>Resource Files</Filter>
    </ResourceCompile>
  </ItemGroup>
  <ItemGroup>
    <ClInclude Include="MainDlg.h">
      <Filter>Header Files</Filter>
    </ClInclude>
    <ClInclude Include="resource.h">
      <Filter>Header Files</Filter>
    </ClInclude>
    <ClInclude Include="stdafx.h">
      <Filter>Header Files</Filter>
    </ClInclude>
    <ClInclude Include="BSMessageBox.h">
      <Filter>Header Files</Filter>
    </ClInclude>
    <ClInclude Include="Define.h">
      <Filter>Header Files</Filter>
    </ClInclude>
    <ClInclude Include="PageSetting.h">
      <Filter>Header Files</Filter>
    </ClInclude>
    <ClInclude Include="lib\tinyxml2.h">
      <Filter>Header Files\lib</Filter>
    </ClInclude>
    <ClInclude Include="entity\LyricMaker.h">
      <Filter>Header Files\entity</Filter>
    </ClInclude>
    <ClInclude Include="entity\LyricPlayer.h">
      <Filter>Header Files\entity</Filter>
    </ClInclude>
    <ClInclude Include="entity\MusicPlayer.h">
      <Filter>Header Files\entity</Filter>
    </ClInclude>
    <ClInclude Include="utility\FileHelper.h">
      <Filter>Header Files\utility</Filter>
    </ClInclude>
    <ClInclude Include="utility\SSingleton.h">
      <Filter>Header Files\utility</Filter>
    </ClInclude>
    <ClInclude Include="utility\WinFile.h">
      <Filter>Header Files\utility</Filter>
    </ClInclude>
    <ClInclude Include="entity\AutoUpdateThread.h">
      <Filter>Header Files\entity</Filter>
    </ClInclude>
    <ClInclude Include="PageMaking.h">
      <Filter>Header Files</Filter>
    </ClInclude>
    <ClInclude Include="PageResult.h">
      <Filter>Header Files</Filter>
    </ClInclude>
    <ClInclude Include="utility\SplitFile.h">
      <Filter>Header Files\utility</Filter>
    </ClInclude>
    <ClInclude Include="entity\CheckIntegrityThread.h">
      <Filter>Header Files\entity</Filter>
    </ClInclude>
    <ClInclude Include="DlgCheckIntegrity.h">
      <Filter>Header Files</Filter>
    </ClInclude>
  </ItemGroup>
  <ItemGroup>
    <CustomBuild Include="uires\uires.idx">
      <Filter>SoUI Resouece</Filter>
    </CustomBuild>
  </ItemGroup>
</Project>